
Microsoft Visual Studio Solution File, Format Version 12.00
# Visual Studio Version 17
VisualStudioVersion = 17.0.32002.185
MinimumVisualStudioVersion = 10.0.40219.1
Project("{FAE04EC0-301F-11D3-BF4B-00C04F79EFBC}") = "Final643450089-0", "Final643450089-0\Final643450089-0.csproj", "{F53A610E-A601-46E2-8400-7EF0E323572D}"
EndProject
Global
	GlobalSection(SolutionConfigurationPlatforms) = preSolution
		Debug|Any CPU = Debug|Any CPU
		Release|Any CPU = Release|Any CPU
	EndGlobalSection
	GlobalSection(ProjectConfigurationPlatforms) = postSolution
		{F53A610E-A601-46E2-8400-7EF0E323572D}.Debug|Any CPU.ActiveCfg = Debug|Any CPU
		{F53A610E-A601-46E2-8400-7EF0E323572D}.Debug|Any CPU.Build.0 = Debug|Any CPU
		{F53A610E-A601-46E2-8400-7EF0E323572D}.Release|Any CPU.ActiveCfg = Release|Any CPU
		{F53A610E-A601-46E2-8400-7EF0E323572D}.Release|Any CPU.Build.0 = Release|Any CPU
	EndGlobalSection
	GlobalSection(SolutionProperties) = preSolution
		HideSolutionNode = FALSE
	EndGlobalSection
	GlobalSection(ExtensibilityGlobals) = postSolution
		SolutionGuid = {69F34984-E20E-4B32-97CB-E4865031422F}
	EndGlobalSection
EndGlobal
